{
  "version": 4,
  "terraform_version": "1.2.3",
  "serial": 12,
  "lineage": "8fd8b1a0-b8bb-6bc7-008d-d24c0c443e06",
  "outputs": {
    "bucket": {
      "value": "connect-tax-terraformstate-prod",
      "type": "string"
    },
    "table": {
      "value": "connect-tax-terraformlock-prod",
      "type": "string"
    }
  },
  "resources": [
    {
      "module": "module.account",
      "mode": "managed",
      "type": "aws_dynamodb_table",
      "name": "default",
      "provider": "module.account.provider[\"registry.terraform.io/hashicorp/aws\"]",
      "instances": [
        {
          "schema_version": 1,
          "attributes": {
            "arn": "arn:aws:dynamodb:us-west-1:413176376178:table/connect-tax-terraformlock-prod",
            "attribute": [
              {
                "name": "LockID",
                "type": "S"
              }
            ],
            "billing_mode": "PROVISIONED",
            "global_secondary_index": [],
            "hash_key": "LockID",
            "id": "connect-tax-terraformlock-prod",
            "local_secondary_index": [],
            "name": "connect-tax-terraformlock-prod",
            "point_in_time_recovery": [
              {
                "enabled": false
              }
            ],
            "range_key": null,
            "read_capacity": 1,
            "replica": [],
            "restore_date_time": null,
            "restore_source_name": null,
            "restore_to_latest_time": null,
            "server_side_encryption": [],
            "stream_arn": "",
            "stream_enabled": false,
            "stream_label": "",
            "stream_view_type": "",
            "table_class": "",
            "tags": {
              "Environment": "prod",
              "Managed": "Terraform",
              "Name": "Terraform Lock Table",
              "Project": "connect-tax",
              "Terraform_Module": "account"
            },
            "tags_all": {
              "Environment": "prod",
              "Managed": "Terraform",
              "Name": "Terraform Lock Table",
              "Project": "connect-tax",
              "Terraform_Module": "account"
            },
            "timeouts": null,
            "ttl": [
              {
                "attribute_name": "",
                "enabled": false
              }
            ],
            "write_capacity": 1
          },
          "sensitive_attributes": [],
          "private": "eyJlMmJmYjczMC1lY2FhLTExZTYtOGY4OC0zNDM2M2JjN2M0YzAiOnsiY3JlYXRlIjoxODAwMDAwMDAwMDAwLCJkZWxldGUiOjYwMDAwMDAwMDAwMCwidXBkYXRlIjozNjAwMDAwMDAwMDAwfSwic2NoZW1hX3ZlcnNpb24iOiIxIn0="
        }
      ]
    },
    {
      "module": "module.account",
      "mode": "managed",
      "type": "aws_s3_bucket_server_side_encryption_configuration",
      "name": "default",
      "provider": "module.account.provider[\"registry.terraform.io/hashicorp/aws\"]",
      "instances": []
    },
    {
      "module": "module.account",
      "mode": "managed",
      "type": "aws_s3_bucket_versioning",
      "name": "default",
      "provider": "module.account.provider[\"registry.terraform.io/hashicorp/aws\"]",
      "instances": []
    }
  ]
}
